
Microsoft Visual Studio Solution File, Format Version 12.00
# Visual Studio Version 17
VisualStudioVersion = 17.0.31903.59
MinimumVisualStudioVersion = 10.0.40219.1
Project("{2150E333-8FDC-42A3-9474-1A3956D46DE8}") = "src", "src", "{A9CC537F-3ACF-45F7-8940-1268EB5B6E66}"
EndProject
Project("{FAE04EC0-301F-11D3-BF4B-00C04F79EFBC}") = "MarkZither.Extensions.Configuration.OneIdentitySafeguard", "src\MarkZither.Extensions.Configuration.OneIdentitySafeguard\MarkZither.Extensions.Configuration.OneIdentitySafeguard.csproj", "{3B3E986D-93A2-4023-9267-3A9B2E80EC30}"
EndProject
Project("{2150E333-8FDC-42A3-9474-1A3956D46DE8}") = "tests", "tests", "{A09FFE8D-FD14-411E-A6EA-9533E19A5D7B}"
EndProject
Project("{FAE04EC0-301F-11D3-BF4B-00C04F79EFBC}") = "MarkZither.Extensions.Configuration.OneIdentitySafeguard.Tests", "tests\MarkZither.Extensions.Configuration.OneIdentitySafeguard.Tests\MarkZither.Extensions.Configuration.OneIdentitySafeguard.Tests.csproj", "{5B5F1711-3B4F-47E4-83FD-C1C606D58A4A}"
EndProject
Global
	GlobalSection(SolutionConfigurationPlatforms) = preSolution
		Debug|Any CPU = Debug|Any CPU
		Release|Any CPU = Release|Any CPU
	EndGlobalSection
	GlobalSection(SolutionProperties) = preSolution
		HideSolutionNode = FALSE
	EndGlobalSection
	GlobalSection(ProjectConfigurationPlatforms) = postSolution
		{3B3E986D-93A2-4023-9267-3A9B2E80EC30}.Debug|Any CPU.ActiveCfg = Debug|Any CPU
		{3B3E986D-93A2-4023-9267-3A9B2E80EC30}.Debug|Any CPU.Build.0 = Debug|Any CPU
		{3B3E986D-93A2-4023-9267-3A9B2E80EC30}.Release|Any CPU.ActiveCfg = Release|Any CPU
		{3B3E986D-93A2-4023-9267-3A9B2E80EC30}.Release|Any CPU.Build.0 = Release|Any CPU
		{5B5F1711-3B4F-47E4-83FD-C1C606D58A4A}.Debug|Any CPU.ActiveCfg = Debug|Any CPU
		{5B5F1711-3B4F-47E4-83FD-C1C606D58A4A}.Debug|Any CPU.Build.0 = Debug|Any CPU
		{5B5F1711-3B4F-47E4-83FD-C1C606D58A4A}.Release|Any CPU.ActiveCfg = Release|Any CPU
		{5B5F1711-3B4F-47E4-83FD-C1C606D58A4A}.Release|Any CPU.Build.0 = Release|Any CPU
	EndGlobalSection
	GlobalSection(NestedProjects) = preSolution
		{3B3E986D-93A2-4023-9267-3A9B2E80EC30} = {A9CC537F-3ACF-45F7-8940-1268EB5B6E66}
		{5B5F1711-3B4F-47E4-83FD-C1C606D58A4A} = {A09FFE8D-FD14-411E-A6EA-9533E19A5D7B}
	EndGlobalSection
EndGlobal
